
Microsoft Visual Studio Solution File, Format Version 12.00
# Visual Studio Version 17
VisualStudioVersion = 17.14.37203.1 d17.14
MinimumVisualStudioVersion = 10.0.40219.1
Project("{FAE04EC0-301F-11D3-BF4B-00C04F79EFBC}") = "ejercicio9", "ejercicio9\ejercicio9.csproj", "{887B719F-AA94-4240-A6FF-A174A5A5F603}"
EndProject
Global
	GlobalSection(SolutionConfigurationPlatforms) = preSolution
		Debug|Any CPU = Debug|Any CPU
		Release|Any CPU = Release|Any CPU
	EndGlobalSection
	GlobalSection(ProjectConfigurationPlatforms) = postSolution
		{887B719F-AA94-4240-A6FF-A174A5A5F603}.Debug|Any CPU.ActiveCfg = Debug|Any CPU
		{887B719F-AA94-4240-A6FF-A174A5A5F603}.Debug|Any CPU.Build.0 = Debug|Any CPU
		{887B719F-AA94-4240-A6FF-A174A5A5F603}.Release|Any CPU.ActiveCfg = Release|Any CPU
		{887B719F-AA94-4240-A6FF-A174A5A5F603}.Release|Any CPU.Build.0 = Release|Any CPU
	EndGlobalSection
	GlobalSection(SolutionProperties) = preSolution
		HideSolutionNode = FALSE
	EndGlobalSection
	GlobalSection(ExtensibilityGlobals) = postSolution
		SolutionGuid = {70D0B413-98F2-4D81-AC8D-D05E2F8B5367}
	EndGlobalSection
EndGlobal
